
Microsoft Visual Studio Solution File, Format Version 12.00
# Visual Studio Version 17
VisualStudioVersion = 17.3.32825.248
MinimumVisualStudioVersion = 10.0.40219.1
Project("{9A19103F-16F7-4668-BE54-9A1E7A4F7556}") = "NcPac_Project2", "NcPac_Project2\NcPac_Project2.csproj", "{1D73E296-2EDF-4A31-9DA2-18921B5B908B}"
EndProject
Global
	GlobalSection(SolutionConfigurationPlatforms) = preSolution
		Debug|Any CPU = Debug|Any CPU
		Release|Any CPU = Release|Any CPU
	EndGlobalSection
	GlobalSection(ProjectConfigurationPlatforms) = postSolution
		{1D73E296-2EDF-4A31-9DA2-18921B5B908B}.Debug|Any CPU.ActiveCfg = Debug|Any CPU
		{1D73E296-2EDF-4A31-9DA2-18921B5B908B}.Debug|Any CPU.Build.0 = Debug|Any CPU
		{1D73E296-2EDF-4A31-9DA2-18921B5B908B}.Release|Any CPU.ActiveCfg = Release|Any CPU
		{1D73E296-2EDF-4A31-9DA2-18921B5B908B}.Release|Any CPU.Build.0 = Release|Any CPU
	EndGlobalSection
	GlobalSection(SolutionProperties) = preSolution
		HideSolutionNode = FALSE
	EndGlobalSection
	GlobalSection(ExtensibilityGlobals) = postSolution
		SolutionGuid = {D695EC68-CACD-4751-B1C4-EC57266EFEDD}
	EndGlobalSection
EndGlobal
